
Microsoft Visual Studio Solution File, Format Version 12.00
# Visual Studio Version 16
VisualStudioVersion = 16.0.30413.136
MinimumVisualStudioVersion = 10.0.40219.1
Project("{FAE04EC0-301F-11D3-BF4B-00C04F79EFBC}") = "OrgDB_WPF", "OrgDB_WPF\OrgDB_WPF.csproj", "{DB900D89-7619-419D-927B-278C54B5F3BE}"
EndProject
Global
	GlobalSection(SolutionConfigurationPlatforms) = preSolution
		Debug|Any CPU = Debug|Any CPU
		Release|Any CPU = Release|Any CPU
	EndGlobalSection
	GlobalSection(ProjectConfigurationPlatforms) = postSolution
		{DB900D89-7619-419D-927B-278C54B5F3BE}.Debug|Any CPU.ActiveCfg = Debug|Any CPU
		{DB900D89-7619-419D-927B-278C54B5F3BE}.Debug|Any CPU.Build.0 = Debug|Any CPU
		{DB900D89-7619-419D-927B-278C54B5F3BE}.Release|Any CPU.ActiveCfg = Release|Any CPU
		{DB900D89-7619-419D-927B-278C54B5F3BE}.Release|Any CPU.Build.0 = Release|Any CPU
	EndGlobalSection
	GlobalSection(SolutionProperties) = preSolution
		HideSolutionNode = FALSE
	EndGlobalSection
	GlobalSection(ExtensibilityGlobals) = postSolution
		SolutionGuid = {67ACFADE-AC43-4270-810B-1CFA1ADB76D2}
	EndGlobalSection
EndGlobal
